
Microsoft Visual Studio Solution File, Format Version 12.00
# Visual Studio Version 17
VisualStudioVersion = 17.2.32630.192
MinimumVisualStudioVersion = 10.0.40219.1
Project("{FAE04EC0-301F-11D3-BF4B-00C04F79EFBC}") = "01", "01\01.csproj", "{BD292481-2612-418A-A781-C153494CB8CD}"
EndProject
Global
	GlobalSection(SolutionConfigurationPlatforms) = preSolution
		Debug|Any CPU = Debug|Any CPU
		Release|Any CPU = Release|Any CPU
	EndGlobalSection
	GlobalSection(ProjectConfigurationPlatforms) = postSolution
		{BD292481-2612-418A-A781-C153494CB8CD}.Debug|Any CPU.ActiveCfg = Debug|Any CPU
		{BD292481-2612-418A-A781-C153494CB8CD}.Debug|Any CPU.Build.0 = Debug|Any CPU
		{BD292481-2612-418A-A781-C153494CB8CD}.Release|Any CPU.ActiveCfg = Release|Any CPU
		{BD292481-2612-418A-A781-C153494CB8CD}.Release|Any CPU.Build.0 = Release|Any CPU
	EndGlobalSection
	GlobalSection(SolutionProperties) = preSolution
		HideSolutionNode = FALSE
	EndGlobalSection
	GlobalSection(ExtensibilityGlobals) = postSolution
		SolutionGuid = {C118FD74-9637-4442-A1B4-2B920FA63473}
	EndGlobalSection
EndGlobal
